<?xml version="1.0" encoding="UTF-8" standalone="yes" ?>
<CodeBlocks_project_file>
	<FileVersion major="1" minor="6" />
	<Project>
		<Option title="embedded_device_simulator" />
		<Option pch_mode="2" />
		<Option compiler="gcc" />
		<Build>
			<Target title="Debug">
				<Option output="bin/Debug/embedded_device_simulator" prefix_auto="1" extension_auto="1" />
				<Option object_output="obj/Debug/" />
				<Option type="1" />
				<Option compiler="gcc" />
				<Compiler>
					<Add option="-g" />
				</Compiler>
			</Target>
			<Target title="Release">
				<Option output="bin/Release/embedded_device_simulator" prefix_auto="1" extension_auto="1" />
				<Option object_output="obj/Release/" />
				<Option type="1" />
				<Option compiler="gcc" />
				<Compiler>
					<Add option="-O2" />
				</Compiler>
				<Linker>
					<Add option="-s" />
				</Linker>
			</Target>
		</Build>
		<Compiler>
			<Add option="-Wall" />
		</Compiler>
		<Unit filename="../../command_parser.c">
			<Option compilerVar="CC" />
		</Unit>
		<Unit filename="../../command_parser.h" />
		<Unit filename="../../device_controller.c">
			<Option compilerVar="CC" />
		</Unit>
		<Unit filename="../../device_controller.h" />
		<Unit filename="../../event_dispatcher.c">
			<Option compilerVar="CC" />
		</Unit>
		<Unit filename="../../event_dispatcher.h" />
		<Unit filename="../../event_queue.c">
			<Option compilerVar="CC" />
		</Unit>
		<Unit filename="../../event_queue.h" />
		<Unit filename="../../led_driver.c">
			<Option compilerVar="CC" />
		</Unit>
		<Unit filename="../../led_driver.h" />
		<Unit filename="../../logger.c">
			<Option compilerVar="CC" />
		</Unit>
		<Unit filename="../../logger.h" />
		<Unit filename="../../main.c">
			<Option compilerVar="CC" />
		</Unit>
		<Unit filename="../../state_machine.c">
			<Option compilerVar="CC" />
		</Unit>
		<Unit filename="../../state_machine.h" />
		<Unit filename="../../statistics_manager.c">
			<Option compilerVar="CC" />
		</Unit>
		<Unit filename="../../statistics_manager.h" />
		<Unit filename="../../timer_manager.c">
			<Option compilerVar="CC" />
		</Unit>
		<Unit filename="../../timer_manager.h" />
		<Extensions />
	</Project>
</CodeBlocks_project_file>
